
Microsoft Visual Studio Solution File, Format Version 12.00
# Visual Studio Version 17
VisualStudioVersion = 17.4.33403.182
MinimumVisualStudioVersion = 10.0.40219.1
Project("{FAE04EC0-301F-11D3-BF4B-00C04F79EFBC}") = "Georgi10a", "Georgi10a\Georgi10a.csproj", "{ABFAC445-1550-4FD4-A2B3-7BF2DFE58E54}"
EndProject
Global
	GlobalSection(SolutionConfigurationPlatforms) = preSolution
		Debug|Any CPU = Debug|Any CPU
		Release|Any CPU = Release|Any CPU
	EndGlobalSection
	GlobalSection(ProjectConfigurationPlatforms) = postSolution
		{ABFAC445-1550-4FD4-A2B3-7BF2DFE58E54}.Debug|Any CPU.ActiveCfg = Debug|Any CPU
		{ABFAC445-1550-4FD4-A2B3-7BF2DFE58E54}.Debug|Any CPU.Build.0 = Debug|Any CPU
		{ABFAC445-1550-4FD4-A2B3-7BF2DFE58E54}.Release|Any CPU.ActiveCfg = Release|Any CPU
		{ABFAC445-1550-4FD4-A2B3-7BF2DFE58E54}.Release|Any CPU.Build.0 = Release|Any CPU
	EndGlobalSection
	GlobalSection(SolutionProperties) = preSolution
		HideSolutionNode = FALSE
	EndGlobalSection
	GlobalSection(ExtensibilityGlobals) = postSolution
		SolutionGuid = {51EABF92-10B9-4FF1-805D-C7162FD3356B}
	EndGlobalSection
EndGlobal
